
Microsoft Visual Studio Solution File, Format Version 12.00
# Visual Studio Version 17
VisualStudioVersion = 17.5.002.0
MinimumVisualStudioVersion = 10.0.40219.1
Project("{9A19103F-16F7-4668-BE54-9A1E7A4F7556}") = "SimpleBus", "SimpleBus\SimpleBus.csproj", "{CA9D8D85-56B8-4213-AD71-13C946474EAD}"
EndProject
Project("{FAE04EC0-301F-11D3-BF4B-00C04F79EFBC}") = "SimpleBusTests", "SimpleBusTests\SimpleBusTests.csproj", "{4AB85551-3ED0-4FEF-B6B5-D7396A8FCFCD}"
EndProject
Global
	GlobalSection(SolutionConfigurationPlatforms) = preSolution
		Debug|Any CPU = Debug|Any CPU
		Release|Any CPU = Release|Any CPU
	EndGlobalSection
	GlobalSection(ProjectConfigurationPlatforms) = postSolution
		{CA9D8D85-56B8-4213-AD71-13C946474EAD}.Debug|Any CPU.ActiveCfg = Debug|Any CPU
		{CA9D8D85-56B8-4213-AD71-13C946474EAD}.Debug|Any CPU.Build.0 = Debug|Any CPU
		{CA9D8D85-56B8-4213-AD71-13C946474EAD}.Release|Any CPU.ActiveCfg = Release|Any CPU
		{CA9D8D85-56B8-4213-AD71-13C946474EAD}.Release|Any CPU.Build.0 = Release|Any CPU
		{4AB85551-3ED0-4FEF-B6B5-D7396A8FCFCD}.Debug|Any CPU.ActiveCfg = Debug|Any CPU
		{4AB85551-3ED0-4FEF-B6B5-D7396A8FCFCD}.Debug|Any CPU.Build.0 = Debug|Any CPU
		{4AB85551-3ED0-4FEF-B6B5-D7396A8FCFCD}.Release|Any CPU.ActiveCfg = Release|Any CPU
		{4AB85551-3ED0-4FEF-B6B5-D7396A8FCFCD}.Release|Any CPU.Build.0 = Release|Any CPU
	EndGlobalSection
	GlobalSection(SolutionProperties) = preSolution
		HideSolutionNode = FALSE
	EndGlobalSection
	GlobalSection(ExtensibilityGlobals) = postSolution
		SolutionGuid = {018B8E5E-4019-4D94-A8BB-E4AC231CD1E0}
	EndGlobalSection
EndGlobal
